// !$*UTF8*$!
{
	archiveVersion = 1;
	classes = {
	};
	objectVersion = 46;
	objects = {

/* Begin PBXBuildFile section */
		354400C11D78460D00C69DE7 /* Resource.xcassets in Resources */ = {isa = PBXBuildFile; fileRef = 354400C01D78460D00C69DE7 /* Resource.xcassets */; };
		357738891D816DD800A4938C /* CommonSDK.framework in Frameworks */ = {isa = PBXBuildFile; fileRef = 357738881D816DD800A4938C /* CommonSDK.framework */; };
		3578755F1D42278200A0B675 /* AppDelegate.swift in Sources */ = {isa = PBXBuildFile; fileRef = 3578755E1D42278200A0B675 /* AppDelegate.swift */; };
		357875611D42278200A0B675 /* ViewController.swift in Sources */ = {isa = PBXBuildFile; fileRef = 357875601D42278200A0B675 /* ViewController.swift */; };
		357875641D42278200A0B675 /* Main.storyboard in Resources */ = {isa = PBXBuildFile; fileRef = 357875621D42278200A0B675 /* Main.storyboard */; };
		357875661D42278200A0B675 /* Assets.xcassets in Resources */ = {isa = PBXBuildFile; fileRef = 357875651D42278200A0B675 /* Assets.xcassets */; };
		357875691D42278200A0B675 /* LaunchScreen.storyboard in Resources */ = {isa = PBXBuildFile; fileRef = 357875671D42278200A0B675 /* LaunchScreen.storyboard */; };
/* End PBXBuildFile section */

/* Begin PBXFileReference section */
		354400C01D78460D00C69DE7 /* Resource.xcassets */ = {isa = PBXFileReference; lastKnownFileType = folder.assetcatalog; path = Resource.xcassets; sourceTree = "<group>"; };
		357738881D816DD800A4938C /* CommonSDK.framework */ = {isa = PBXFileReference; lastKnownFileType = wrapper.framework; name = CommonSDK.framework; path = "../../../../Library/Developer/Xcode/DerivedData/CommonWorkspace-fqlagyzoggxgcjenocgxoswmagok/Build/Products/Debug-iphonesimulator/CommonSDK.framework"; sourceTree = "<group>"; };
		3578755B1D42278200A0B675 /* Test.app */ = {isa = PBXFileReference; explicitFileType = wrapper.application; includeInIndex = 0; path = Test.app; sourceTree = BUILT_PRODUCTS_DIR; };
		3578755E1D42278200A0B675 /* AppDelegate.swift */ = {isa = PBXFileReference; lastKnownFileType = sourcecode.swift; path = AppDelegate.swift; sourceTree = "<group>"; };
		357875601D42278200A0B675 /* ViewController.swift */ = {isa = PBXFileReference; lastKnownFileType = sourcecode.swift; path = ViewController.swift; sourceTree = "<group>"; };
		357875631D42278200A0B675 /* Base */ = {isa = PBXFileReference; lastKnownFileType = file.storyboard; name = Base; path = Base.lproj/Main.storyboard; sourceTree = "<group>"; };
		357875651D42278200A0B675 /* Assets.xcassets */ = {isa = PBXFileReference; lastKnownFileType = folder.assetcatalog; path = Assets.xcassets; sourceTree = "<group>"; };
		357875681D42278200A0B675 /* Base */ = {isa = PBXFileReference; lastKnownFileType = file.storyboard; name = Base; path = Base.lproj/LaunchScreen.storyboard; sourceTree = "<group>"; };
		3578756A1D42278200A0B675 /* Info.plist */ = {isa = PBXFileReference; lastKnownFileType = text.plist.xml; path = Info.plist; sourceTree = "<group>"; };
		357875731D42278200A0B675 /* TestTests.swift */ = {isa = PBXFileReference; lastKnownFileType = sourcecode.swift; path = TestTests.swift; sourceTree = "<group>"; };
		357875751D42278200A0B675 /* Info.plist */ = {isa = PBXFileReference; lastKnownFileType = text.plist.xml; path = Info.plist; sourceTree = "<group>"; };
		3578757E1D42278200A0B675 /* TestUITests.swift */ = {isa = PBXFileReference; lastKnownFileType = sourcecode.swift; path = TestUITests.swift; sourceTree = "<group>"; };
		357875801D42278200A0B675 /* Info.plist */ = {isa = PBXFileReference; lastKnownFileType = text.plist.xml; path = Info.plist; sourceTree = "<group>"; };
		3578758C1D42279A00A0B675 /* CommonSDK.framework */ = {isa = PBXFileReference; lastKnownFileType = wrapper.framework; name = CommonSDK.framework; path = "../CommonSDK/CommonSDK/build/Debug-iphoneos/CommonSDK.framework"; sourceTree = "<group>"; };
/* End PBXFileReference section */

/* Begin PBXFrameworksBuildPhase section */
		357875581D42278200A0B675 /* Frameworks */ = {
			isa = PBXFrameworksBuildPhase;
			buildActionMask = 2147483647;
			files = (
				357738891D816DD800A4938C /* CommonSDK.framework in Frameworks */,
			);
			runOnlyForDeploymentPostprocessing = 0;
		};
/* End PBXFrameworksBuildPhase section */

/* Begin PBXGroup section */
		357738871D816DD700A4938C /* Frameworks */ = {
			isa = PBXGroup;
			children = (
				357738881D816DD800A4938C /* CommonSDK.framework */,
			);
			name = Frameworks;
			sourceTree = "<group>";
		};
		357875521D42278200A0B675 = {
			isa = PBXGroup;
			children = (
				3578758C1D42279A00A0B675 /* CommonSDK.framework */,
				3578755D1D42278200A0B675 /* Test */,
				357875721D42278200A0B675 /* TestTests */,
				354400C01D78460D00C69DE7 /* Resource.xcassets */,
				3578757D1D42278200A0B675 /* TestUITests */,
				3578755C1D42278200A0B675 /* Products */,
				357738871D816DD700A4938C /* Frameworks */,
			);
			sourceTree = "<group>";
		};
		3578755C1D42278200A0B675 /* Products */ = {
			isa = PBXGroup;
			children = (
				3578755B1D42278200A0B675 /* Test.app */,
			);
			name = Products;
			sourceTree = "<group>";
		};
		3578755D1D42278200A0B675 /* Test */ = {
			isa = PBXGroup;
			children = (
				3578755E1D42278200A0B675 /* AppDelegate.swift */,
				357875601D42278200A0B675 /* ViewController.swift */,
				357875621D42278200A0B675 /* Main.storyboard */,
				357875651D42278200A0B675 /* Assets.xcassets */,
				357875671D42278200A0B675 /* LaunchScreen.storyboard */,
				3578756A1D42278200A0B675 /* Info.plist */,
			);
			path = Test;
			sourceTree = "<group>";
		};
		357875721D42278200A0B675 /* TestTests */ = {
			isa = PBXGroup;
			children = (
				357875731D42278200A0B675 /* TestTests.swift */,
				357875751D42278200A0B675 /* Info.plist */,
			);
			path = TestTests;
			sourceTree = "<group>";
		};
		3578757D1D42278200A0B675 /* TestUITests */ = {
			isa = PBXGroup;
			children = (
				3578757E1D42278200A0B675 /* TestUITests.swift */,
				357875801D42278200A0B675 /* Info.plist */,
			);
			path = TestUITests;
			sourceTree = "<group>";
		};
/* End PBXGroup section */

/* Begin PBXNativeTarget section */
		3578755A1D42278200A0B675 /* Test */ = {
			isa = PBXNativeTarget;
			buildConfigurationList = 357875831D42278200A0B675 /* Build configuration list for PBXNativeTarget "Test" */;
			buildPhases = (
				357875571D42278200A0B675 /* Sources */,
				357875581D42278200A0B675 /* Frameworks */,
				357875591D42278200A0B675 /* Resources */,
			);
			buildRules = (
			);
			dependencies = (
			);
			name = Test;
			productName = Test;
			productReference = 3578755B1D42278200A0B675 /* Test.app */;
			productType = "com.apple.product-type.application";
		};
/* End PBXNativeTarget section */

/* Begin PBXProject section */
		357875531D42278200A0B675 /* Project object */ = {
			isa = PBXProject;
			attributes = {
				LastSwiftUpdateCheck = 0720;
				LastUpgradeCheck = 0720;
				ORGANIZATIONNAME = fengqu;
				TargetAttributes = {
					3578755A1D42278200A0B675 = {
						CreatedOnToolsVersion = 7.2.1;
						LastSwiftMigration = 0800;
					};
				};
			};
			buildConfigurationList = 357875561D42278200A0B675 /* Build configuration list for PBXProject "Test" */;
			compatibilityVersion = "Xcode 3.2";
			developmentRegion = English;
			hasScannedForEncodings = 0;
			knownRegions = (
				en,
				Base,
			);
			mainGroup = 357875521D42278200A0B675;
			productRefGroup = 3578755C1D42278200A0B675 /* Products */;
			projectDirPath = "";
			projectRoot = "";
			targets = (
				3578755A1D42278200A0B675 /* Test */,
			);
		};
/* End PBXProject section */

/* Begin PBXResourcesBuildPhase section */
		357875591D42278200A0B675 /* Resources */ = {
			isa = PBXResourcesBuildPhase;
			buildActionMask = 2147483647;
			files = (
				357875691D42278200A0B675 /* LaunchScreen.storyboard in Resources */,
				354400C11D78460D00C69DE7 /* Resource.xcassets in Resources */,
				357875661D42278200A0B675 /* Assets.xcassets in Resources */,
				357875641D42278200A0B675 /* Main.storyboard in Resources */,
			);
			runOnlyForDeploymentPostprocessing = 0;
		};
/* End PBXResourcesBuildPhase section */

/* Begin PBXSourcesBuildPhase section */
		357875571D42278200A0B675 /* Sources */ = {
			isa = PBXSourcesBuildPhase;
			buildActionMask = 2147483647;
			files = (
				357875611D42278200A0B675 /* ViewController.swift in Sources */,
				3578755F1D42278200A0B675 /* AppDelegate.swift in Sources */,
			);
			runOnlyForDeploymentPostprocessing = 0;
		};
/* End PBXSourcesBuildPhase section */

/* Begin PBXVariantGroup section */
		357875621D42278200A0B675 /* Main.storyboard */ = {
			isa = PBXVariantGroup;
			children = (
				357875631D42278200A0B675 /* Base */,
			);
			name = Main.storyboard;
			sourceTree = "<group>";
		};
		357875671D42278200A0B675 /* LaunchScreen.storyboard */ = {
			isa = PBXVariantGroup;
			children = (
				357875681D42278200A0B675 /* Base */,
			);
			name = LaunchScreen.storyboard;
			sourceTree = "<group>";
		};
/* End PBXVariantGroup section */

/* Begin XCBuildConfiguration section */
		357875811D42278200A0B675 /* Debug */ = {
			isa = XCBuildConfiguration;
			buildSettings = {
				ALWAYS_SEARCH_USER_PATHS = NO;
				CLANG_CXX_LANGUAGE_STANDARD = "gnu++0x";
				CLANG_CXX_LIBRARY = "libc++";
				CLANG_ENABLE_MODULES = YES;
				CLANG_ENABLE_OBJC_ARC = YES;
				CLANG_WARN_BOOL_CONVERSION = YES;
				CLANG_WARN_CONSTANT_CONVERSION = YES;
				CLANG_WARN_DIRECT_OBJC_ISA_USAGE = YES_ERROR;
				CLANG_WARN_EMPTY_BODY = YES;
				CLANG_WARN_ENUM_CONVERSION = YES;
				CLANG_WARN_INT_CONVERSION = YES;
				CLANG_WARN_OBJC_ROOT_CLASS = YES_ERROR;
				CLANG_WARN_UNREACHABLE_CODE = YES;
				CLANG_WARN__DUPLICATE_METHOD_MATCH = YES;
				"CODE_SIGN_IDENTITY[sdk=iphoneos*]" = "iPhone Developer";
				COPY_PHASE_STRIP = NO;
				DEBUG_INFORMATION_FORMAT = dwarf;
				ENABLE_STRICT_OBJC_MSGSEND = YES;
				ENABLE_TESTABILITY = YES;
				GCC_C_LANGUAGE_STANDARD = gnu99;
				GCC_DYNAMIC_NO_PIC = NO;
				GCC_NO_COMMON_BLOCKS = YES;
				GCC_OPTIMIZATION_LEVEL = 0;
				GCC_PREPROCESSOR_DEFINITIONS = (
					"DEBUG=1",
					"$(inherited)",
				);
				GCC_WARN_64_TO_32_BIT_CONVERSION = YES;
				GCC_WARN_ABOUT_RETURN_TYPE = YES_ERROR;
				GCC_WARN_UNDECLARED_SELECTOR = YES;
				GCC_WARN_UNINITIALIZED_AUTOS = YES_AGGRESSIVE;
				GCC_WARN_UNUSED_FUNCTION = YES;
				GCC_WARN_UNUSED_VARIABLE = YES;
				IPHONEOS_DEPLOYMENT_TARGET = 9.2;
				MTL_ENABLE_DEBUG_INFO = YES;
				ONLY_ACTIVE_ARCH = YES;
				SDKROOT = iphoneos;
				SWIFT_OPTIMIZATION_LEVEL = "-Onone";
				TARGETED_DEVICE_FAMILY = "1,2";
			};
			name = Debug;
		};
		357875821D42278200A0B675 /* Release */ = {
			isa = XCBuildConfiguration;
			buildSettings = {
				ALWAYS_SEARCH_USER_PATHS = NO;
				CLANG_CXX_LANGUAGE_STANDARD = "gnu++0x";
				CLANG_CXX_LIBRARY = "libc++";
				CLANG_ENABLE_MODULES = YES;
				CLANG_ENABLE_OBJC_ARC = YES;
				CLANG_WARN_BOOL_CONVERSION = YES;
				CLANG_WARN_CONSTANT_CONVERSION = YES;
				CLANG_WARN_DIRECT_OBJC_ISA_USAGE = YES_ERROR;
				CLANG_WARN_EMPTY_BODY = YES;
				CLANG_WARN_ENUM_CONVERSION = YES;
				CLANG_WARN_INT_CONVERSION = YES;
				CLANG_WARN_OBJC_ROOT_CLASS = YES_ERROR;
				CLANG_WARN_UNREACHABLE_CODE = YES;
				CLANG_WARN__DUPLICATE_METHOD_MATCH = YES;
				"CODE_SIGN_IDENTITY[sdk=iphoneos*]" = "iPhone Developer";
				COPY_PHASE_STRIP = NO;
				DEBUG_INFORMATION_FORMAT = "dwarf-with-dsym";
				ENABLE_NS_ASSERTIONS = NO;
				ENABLE_STRICT_OBJC_MSGSEND = YES;
				GCC_C_LANGUAGE_STANDARD = gnu99;
				GCC_NO_COMMON_BLOCKS = YES;
				GCC_WARN_64_TO_32_BIT_CONVERSION = YES;
				GCC_WARN_ABOUT_RETURN_TYPE = YES_ERROR;
				GCC_WARN_UNDECLARED_SELECTOR = YES;
				GCC_WARN_UNINITIALIZED_AUTOS = YES_AGGRESSIVE;
				GCC_WARN_UNUSED_FUNCTION = YES;
				GCC_WARN_UNUSED_VARIABLE = YES;
				IPHONEOS_DEPLOYMENT_TARGET = 9.2;
				MTL_ENABLE_DEBUG_INFO = NO;
				SDKROOT = iphoneos;
				TARGETED_DEVICE_FAMILY = "1,2";
				VALIDATE_PRODUCT = YES;
			};
			name = Release;
		};
		357875841D42278200A0B675 /* Debug */ = {
			isa = XCBuildConfiguration;
			buildSettings = {
				ASSETCATALOG_COMPILER_APPICON_NAME = AppIcon;
				INFOPLIST_FILE = Test/Info.plist;
				LD_RUNPATH_SEARCH_PATHS = "$(inherited) @executable_path/Frameworks";
				PRODUCT_BUNDLE_IDENTIFIER = com.sfht..Test;
				PRODUCT_NAME = "$(TARGET_NAME)";
				SWIFT_VERSION = 3.0;
			};
			name = Debug;
		};
		357875851D42278200A0B675 /* Release */ = {
			isa = XCBuildConfiguration;
			buildSettings = {
				ASSETCATALOG_COMPILER_APPICON_NAME = AppIcon;
				INFOPLIST_FILE = Test/Info.plist;
				LD_RUNPATH_SEARCH_PATHS = "$(inherited) @executable_path/Frameworks";
				PRODUCT_BUNDLE_IDENTIFIER = com.sfht..Test;
				PRODUCT_NAME = "$(TARGET_NAME)";
				SWIFT_VERSION = 3.0;
			};
			name = Release;
		};
/* End XCBuildConfiguration section */

/* Begin XCConfigurationList section */
		357875561D42278200A0B675 /* Build configuration list for PBXProject "Test" */ = {
			isa = XCConfigurationList;
			buildConfigurations = (
				357875811D42278200A0B675 /* Debug */,
				357875821D42278200A0B675 /* Release */,
			);
			defaultConfigurationIsVisible = 0;
			defaultConfigurationName = Release;
		};
		357875831D42278200A0B675 /* Build configuration list for PBXNativeTarget "Test" */ = {
			isa = XCConfigurationList;
			buildConfigurations = (
				357875841D42278200A0B675 /* Debug */,
				357875851D42278200A0B675 /* Release */,
			);
			defaultConfigurationIsVisible = 0;
			defaultConfigurationName = Release;
		};
/* End XCConfigurationList section */
	};
	rootObject = 357875531D42278200A0B675 /* Project object */;
}
