// !$*UTF8*$!
{
	archiveVersion = 1;
	classes = {
	};
	objectVersion = 46;
	objects = {

/* Begin PBXBuildFile section */
		3519C6C11D52F5A200178834 /* NSObject+RunTime.swift in Sources */ = {isa = PBXBuildFile; fileRef = 3519C6C01D52F5A200178834 /* NSObject+RunTime.swift */; };
		3519C6C31D532FF700178834 /* NSDate+Format.swift in Sources */ = {isa = PBXBuildFile; fileRef = 3519C6C21D532FF700178834 /* NSDate+Format.swift */; };
		3519C6C61D53460E00178834 /* UIView+Frame.swift in Sources */ = {isa = PBXBuildFile; fileRef = 3519C6C51D53460E00178834 /* UIView+Frame.swift */; };
		3519C6CA1D5490F400178834 /* UITextField+EasyUI.swift in Sources */ = {isa = PBXBuildFile; fileRef = 3519C6C91D5490F400178834 /* UITextField+EasyUI.swift */; };
		3519C6CC1D5498AB00178834 /* String+Operate.swift in Sources */ = {isa = PBXBuildFile; fileRef = 3519C6CB1D5498AB00178834 /* String+Operate.swift */; };
		352478251D80081800FF6BB7 /* UIColor+Common.swift in Sources */ = {isa = PBXBuildFile; fileRef = 352478241D80081800FF6BB7 /* UIColor+Common.swift */; };
		353B40391D58762C00662B62 /* UITestFieldEasyUITest.swift in Sources */ = {isa = PBXBuildFile; fileRef = 353B40381D58762C00662B62 /* UITestFieldEasyUITest.swift */; };
		353B403B1D59A57900662B62 /* NSObject+KVO.swift in Sources */ = {isa = PBXBuildFile; fileRef = 353B403A1D59A57900662B62 /* NSObject+KVO.swift */; };
		354400BF1D781CC200C69DE7 /* UIImage+Graphics.swift in Sources */ = {isa = PBXBuildFile; fileRef = 354400BE1D781CC200C69DE7 /* UIImage+Graphics.swift */; };
		354400C31D79297800C69DE7 /* UIDevice+Common.swift in Sources */ = {isa = PBXBuildFile; fileRef = 354400C21D79297800C69DE7 /* UIDevice+Common.swift */; };
		354400C61D794DFE00C69DE7 /* CMNAlertController.swift in Sources */ = {isa = PBXBuildFile; fileRef = 354400C51D794DFE00C69DE7 /* CMNAlertController.swift */; };
		357875911D43B1F500A0B675 /* CMNBaseModel.swift in Sources */ = {isa = PBXBuildFile; fileRef = 357875901D43B1F500A0B675 /* CMNBaseModel.swift */; };
		3588EF391D2660AC00423CFB /* CommonSDK.h in Headers */ = {isa = PBXBuildFile; fileRef = 3588EF381D2660AC00423CFB /* CommonSDK.h */; settings = {ATTRIBUTES = (Public, ); }; };
		3588EF401D2660AC00423CFB /* CommonSDK.framework in Frameworks */ = {isa = PBXBuildFile; fileRef = 3588EF351D2660AC00423CFB /* CommonSDK.framework */; };
		3588EF451D2660AC00423CFB /* CommonSDKTests.swift in Sources */ = {isa = PBXBuildFile; fileRef = 3588EF441D2660AC00423CFB /* CommonSDKTests.swift */; };
		3588EF541D26618400423CFB /* String+Validate.swift in Sources */ = {isa = PBXBuildFile; fileRef = 3588EF531D26618400423CFB /* String+Validate.swift */; };
		35A9406E1D50B65C00F013A4 /* String+Format.swift in Sources */ = {isa = PBXBuildFile; fileRef = 35A9406D1D50B65C00F013A4 /* String+Format.swift */; };
		35A940701D50B7CE00F013A4 /* NSObject+Block.swift in Sources */ = {isa = PBXBuildFile; fileRef = 35A9406F1D50B7CE00F013A4 /* NSObject+Block.swift */; };
		35F20E631D7D0E2D001AB7BB /* Equatable+Common.swift in Sources */ = {isa = PBXBuildFile; fileRef = 35F20E621D7D0E2D001AB7BB /* Equatable+Common.swift */; };
		35F20E671D7D46F5001AB7BB /* UIButton+EasyUI.swift in Sources */ = {isa = PBXBuildFile; fileRef = 35F20E661D7D46F5001AB7BB /* UIButton+EasyUI.swift */; };
		35F20E6A1D7E7743001AB7BB /* UIViewController+NavigationBar.swift in Sources */ = {isa = PBXBuildFile; fileRef = 35F20E691D7E7743001AB7BB /* UIViewController+NavigationBar.swift */; };
		35F20E6E1D7E9839001AB7BB /* CMNButtonBadge.swift in Sources */ = {isa = PBXBuildFile; fileRef = 35F20E6D1D7E9839001AB7BB /* CMNButtonBadge.swift */; };
/* End PBXBuildFile section */

/* Begin PBXContainerItemProxy section */
		3588EF411D2660AC00423CFB /* PBXContainerItemProxy */ = {
			isa = PBXContainerItemProxy;
			containerPortal = 3588EF2C1D2660AC00423CFB /* Project object */;
			proxyType = 1;
			remoteGlobalIDString = 3588EF341D2660AC00423CFB;
			remoteInfo = CommonSDK;
		};
/* End PBXContainerItemProxy section */

/* Begin PBXFileReference section */
		3519C6C01D52F5A200178834 /* NSObject+RunTime.swift */ = {isa = PBXFileReference; fileEncoding = 4; lastKnownFileType = sourcecode.swift; path = "NSObject+RunTime.swift"; sourceTree = "<group>"; };
		3519C6C21D532FF700178834 /* NSDate+Format.swift */ = {isa = PBXFileReference; fileEncoding = 4; lastKnownFileType = sourcecode.swift; path = "NSDate+Format.swift"; sourceTree = "<group>"; };
		3519C6C51D53460E00178834 /* UIView+Frame.swift */ = {isa = PBXFileReference; fileEncoding = 4; lastKnownFileType = sourcecode.swift; path = "UIView+Frame.swift"; sourceTree = "<group>"; };
		3519C6C91D5490F400178834 /* UITextField+EasyUI.swift */ = {isa = PBXFileReference; fileEncoding = 4; lastKnownFileType = sourcecode.swift; path = "UITextField+EasyUI.swift"; sourceTree = "<group>"; };
		3519C6CB1D5498AB00178834 /* String+Operate.swift */ = {isa = PBXFileReference; fileEncoding = 4; lastKnownFileType = sourcecode.swift; path = "String+Operate.swift"; sourceTree = "<group>"; };
		352478241D80081800FF6BB7 /* UIColor+Common.swift */ = {isa = PBXFileReference; fileEncoding = 4; lastKnownFileType = sourcecode.swift; path = "UIColor+Common.swift"; sourceTree = "<group>"; };
		353B40381D58762C00662B62 /* UITestFieldEasyUITest.swift */ = {isa = PBXFileReference; fileEncoding = 4; lastKnownFileType = sourcecode.swift; path = UITestFieldEasyUITest.swift; sourceTree = "<group>"; };
		353B403A1D59A57900662B62 /* NSObject+KVO.swift */ = {isa = PBXFileReference; fileEncoding = 4; lastKnownFileType = sourcecode.swift; path = "NSObject+KVO.swift"; sourceTree = "<group>"; };
		354400BE1D781CC200C69DE7 /* UIImage+Graphics.swift */ = {isa = PBXFileReference; fileEncoding = 4; lastKnownFileType = sourcecode.swift; path = "UIImage+Graphics.swift"; sourceTree = "<group>"; };
		354400C21D79297800C69DE7 /* UIDevice+Common.swift */ = {isa = PBXFileReference; fileEncoding = 4; lastKnownFileType = sourcecode.swift; path = "UIDevice+Common.swift"; sourceTree = "<group>"; };
		354400C51D794DFE00C69DE7 /* CMNAlertController.swift */ = {isa = PBXFileReference; fileEncoding = 4; lastKnownFileType = sourcecode.swift; path = CMNAlertController.swift; sourceTree = "<group>"; };
		357875901D43B1F500A0B675 /* CMNBaseModel.swift */ = {isa = PBXFileReference; fileEncoding = 4; lastKnownFileType = sourcecode.swift; path = CMNBaseModel.swift; sourceTree = "<group>"; };
		3588EF351D2660AC00423CFB /* CommonSDK.framework */ = {isa = PBXFileReference; explicitFileType = wrapper.framework; includeInIndex = 0; path = CommonSDK.framework; sourceTree = BUILT_PRODUCTS_DIR; };
		3588EF381D2660AC00423CFB /* CommonSDK.h */ = {isa = PBXFileReference; lastKnownFileType = sourcecode.c.h; path = CommonSDK.h; sourceTree = "<group>"; };
		3588EF3A1D2660AC00423CFB /* Info.plist */ = {isa = PBXFileReference; lastKnownFileType = text.plist.xml; path = Info.plist; sourceTree = "<group>"; };
		3588EF3F1D2660AC00423CFB /* CommonSDKTests.xctest */ = {isa = PBXFileReference; explicitFileType = wrapper.cfbundle; includeInIndex = 0; path = CommonSDKTests.xctest; sourceTree = BUILT_PRODUCTS_DIR; };
		3588EF441D2660AC00423CFB /* CommonSDKTests.swift */ = {isa = PBXFileReference; lastKnownFileType = sourcecode.swift; path = CommonSDKTests.swift; sourceTree = "<group>"; };
		3588EF461D2660AC00423CFB /* Info.plist */ = {isa = PBXFileReference; lastKnownFileType = text.plist.xml; path = Info.plist; sourceTree = "<group>"; };
		3588EF531D26618400423CFB /* String+Validate.swift */ = {isa = PBXFileReference; fileEncoding = 4; lastKnownFileType = sourcecode.swift; path = "String+Validate.swift"; sourceTree = "<group>"; };
		35A9406D1D50B65C00F013A4 /* String+Format.swift */ = {isa = PBXFileReference; fileEncoding = 4; lastKnownFileType = sourcecode.swift; path = "String+Format.swift"; sourceTree = "<group>"; };
		35A9406F1D50B7CE00F013A4 /* NSObject+Block.swift */ = {isa = PBXFileReference; fileEncoding = 4; lastKnownFileType = sourcecode.swift; path = "NSObject+Block.swift"; sourceTree = "<group>"; };
		35F20E621D7D0E2D001AB7BB /* Equatable+Common.swift */ = {isa = PBXFileReference; fileEncoding = 4; lastKnownFileType = sourcecode.swift; path = "Equatable+Common.swift"; sourceTree = "<group>"; };
		35F20E661D7D46F5001AB7BB /* UIButton+EasyUI.swift */ = {isa = PBXFileReference; fileEncoding = 4; lastKnownFileType = sourcecode.swift; path = "UIButton+EasyUI.swift"; sourceTree = "<group>"; };
		35F20E691D7E7743001AB7BB /* UIViewController+NavigationBar.swift */ = {isa = PBXFileReference; fileEncoding = 4; lastKnownFileType = sourcecode.swift; path = "UIViewController+NavigationBar.swift"; sourceTree = "<group>"; };
		35F20E6D1D7E9839001AB7BB /* CMNButtonBadge.swift */ = {isa = PBXFileReference; fileEncoding = 4; lastKnownFileType = sourcecode.swift; path = CMNButtonBadge.swift; sourceTree = "<group>"; };
/* End PBXFileReference section */

/* Begin PBXFrameworksBuildPhase section */
		3588EF311D2660AC00423CFB /* Frameworks */ = {
			isa = PBXFrameworksBuildPhase;
			buildActionMask = 2147483647;
			files = (
			);
			runOnlyForDeploymentPostprocessing = 0;
		};
		3588EF3C1D2660AC00423CFB /* Frameworks */ = {
			isa = PBXFrameworksBuildPhase;
			buildActionMask = 2147483647;
			files = (
				3588EF401D2660AC00423CFB /* CommonSDK.framework in Frameworks */,
			);
			runOnlyForDeploymentPostprocessing = 0;
		};
/* End PBXFrameworksBuildPhase section */

/* Begin PBXGroup section */
		3519C6C41D5345ED00178834 /* UIKit */ = {
			isa = PBXGroup;
			children = (
				3519C6C51D53460E00178834 /* UIView+Frame.swift */,
				3519C6C91D5490F400178834 /* UITextField+EasyUI.swift */,
				35F20E661D7D46F5001AB7BB /* UIButton+EasyUI.swift */,
				35F20E691D7E7743001AB7BB /* UIViewController+NavigationBar.swift */,
				352478241D80081800FF6BB7 /* UIColor+Common.swift */,
			);
			path = UIKit;
			sourceTree = "<group>";
		};
		354400C41D794CA500C69DE7 /* Widget */ = {
			isa = PBXGroup;
			children = (
				354400C51D794DFE00C69DE7 /* CMNAlertController.swift */,
				35F20E6D1D7E9839001AB7BB /* CMNButtonBadge.swift */,
			);
			path = Widget;
			sourceTree = "<group>";
		};
		3578758F1D43B1CB00A0B675 /* Util */ = {
			isa = PBXGroup;
			children = (
				357875901D43B1F500A0B675 /* CMNBaseModel.swift */,
			);
			path = Util;
			sourceTree = "<group>";
		};
		3588EF2B1D2660AC00423CFB = {
			isa = PBXGroup;
			children = (
				3588EF371D2660AC00423CFB /* CommonSDK */,
				3588EF431D2660AC00423CFB /* CommonSDKTests */,
				3588EF361D2660AC00423CFB /* Products */,
			);
			sourceTree = "<group>";
		};
		3588EF361D2660AC00423CFB /* Products */ = {
			isa = PBXGroup;
			children = (
				3588EF351D2660AC00423CFB /* CommonSDK.framework */,
				3588EF3F1D2660AC00423CFB /* CommonSDKTests.xctest */,
			);
			name = Products;
			sourceTree = "<group>";
		};
		3588EF371D2660AC00423CFB /* CommonSDK */ = {
			isa = PBXGroup;
			children = (
				354400C41D794CA500C69DE7 /* Widget */,
				3578758F1D43B1CB00A0B675 /* Util */,
				3588EF4F1D2660DE00423CFB /* Category */,
				3588EF381D2660AC00423CFB /* CommonSDK.h */,
				3588EF3A1D2660AC00423CFB /* Info.plist */,
			);
			path = CommonSDK;
			sourceTree = "<group>";
		};
		3588EF431D2660AC00423CFB /* CommonSDKTests */ = {
			isa = PBXGroup;
			children = (
				3588EF441D2660AC00423CFB /* CommonSDKTests.swift */,
				3588EF461D2660AC00423CFB /* Info.plist */,
				353B40381D58762C00662B62 /* UITestFieldEasyUITest.swift */,
			);
			path = CommonSDKTests;
			sourceTree = "<group>";
		};
		3588EF4F1D2660DE00423CFB /* Category */ = {
			isa = PBXGroup;
			children = (
				3519C6C41D5345ED00178834 /* UIKit */,
				3588EF521D26615600423CFB /* Foundation */,
			);
			path = Category;
			sourceTree = "<group>";
		};
		3588EF521D26615600423CFB /* Foundation */ = {
			isa = PBXGroup;
			children = (
				3588EF531D26618400423CFB /* String+Validate.swift */,
				35A9406D1D50B65C00F013A4 /* String+Format.swift */,
				3519C6CB1D5498AB00178834 /* String+Operate.swift */,
				35A9406F1D50B7CE00F013A4 /* NSObject+Block.swift */,
				3519C6C01D52F5A200178834 /* NSObject+RunTime.swift */,
				3519C6C21D532FF700178834 /* NSDate+Format.swift */,
				353B403A1D59A57900662B62 /* NSObject+KVO.swift */,
				354400BE1D781CC200C69DE7 /* UIImage+Graphics.swift */,
				354400C21D79297800C69DE7 /* UIDevice+Common.swift */,
				35F20E621D7D0E2D001AB7BB /* Equatable+Common.swift */,
			);
			path = Foundation;
			sourceTree = "<group>";
		};
/* End PBXGroup section */

/* Begin PBXHeadersBuildPhase section */
		3588EF321D2660AC00423CFB /* Headers */ = {
			isa = PBXHeadersBuildPhase;
			buildActionMask = 2147483647;
			files = (
				3588EF391D2660AC00423CFB /* CommonSDK.h in Headers */,
			);
			runOnlyForDeploymentPostprocessing = 0;
		};
/* End PBXHeadersBuildPhase section */

/* Begin PBXNativeTarget section */
		3588EF341D2660AC00423CFB /* CommonSDK */ = {
			isa = PBXNativeTarget;
			buildConfigurationList = 3588EF491D2660AC00423CFB /* Build configuration list for PBXNativeTarget "CommonSDK" */;
			buildPhases = (
				3588EF301D2660AC00423CFB /* Sources */,
				3588EF311D2660AC00423CFB /* Frameworks */,
				3588EF321D2660AC00423CFB /* Headers */,
				3588EF331D2660AC00423CFB /* Resources */,
			);
			buildRules = (
			);
			dependencies = (
			);
			name = CommonSDK;
			productName = CommonSDK;
			productReference = 3588EF351D2660AC00423CFB /* CommonSDK.framework */;
			productType = "com.apple.product-type.framework";
		};
		3588EF3E1D2660AC00423CFB /* CommonSDKTests */ = {
			isa = PBXNativeTarget;
			buildConfigurationList = 3588EF4C1D2660AC00423CFB /* Build configuration list for PBXNativeTarget "CommonSDKTests" */;
			buildPhases = (
				3588EF3B1D2660AC00423CFB /* Sources */,
				3588EF3C1D2660AC00423CFB /* Frameworks */,
				3588EF3D1D2660AC00423CFB /* Resources */,
			);
			buildRules = (
			);
			dependencies = (
				3588EF421D2660AC00423CFB /* PBXTargetDependency */,
			);
			name = CommonSDKTests;
			productName = CommonSDKTests;
			productReference = 3588EF3F1D2660AC00423CFB /* CommonSDKTests.xctest */;
			productType = "com.apple.product-type.bundle.unit-test";
		};
/* End PBXNativeTarget section */

/* Begin PBXProject section */
		3588EF2C1D2660AC00423CFB /* Project object */ = {
			isa = PBXProject;
			attributes = {
				LastSwiftUpdateCheck = 0720;
				LastUpgradeCheck = 0720;
				ORGANIZATIONNAME = fengqu;
				TargetAttributes = {
					3588EF341D2660AC00423CFB = {
						CreatedOnToolsVersion = 7.2.1;
						LastSwiftMigration = 0800;
					};
					3588EF3E1D2660AC00423CFB = {
						CreatedOnToolsVersion = 7.2.1;
						LastSwiftMigration = 0800;
					};
				};
			};
			buildConfigurationList = 3588EF2F1D2660AC00423CFB /* Build configuration list for PBXProject "CommonSDK" */;
			compatibilityVersion = "Xcode 3.2";
			developmentRegion = English;
			hasScannedForEncodings = 0;
			knownRegions = (
				en,
			);
			mainGroup = 3588EF2B1D2660AC00423CFB;
			productRefGroup = 3588EF361D2660AC00423CFB /* Products */;
			projectDirPath = "";
			projectRoot = "";
			targets = (
				3588EF341D2660AC00423CFB /* CommonSDK */,
				3588EF3E1D2660AC00423CFB /* CommonSDKTests */,
			);
		};
/* End PBXProject section */

/* Begin PBXResourcesBuildPhase section */
		3588EF331D2660AC00423CFB /* Resources */ = {
			isa = PBXResourcesBuildPhase;
			buildActionMask = 2147483647;
			files = (
			);
			runOnlyForDeploymentPostprocessing = 0;
		};
		3588EF3D1D2660AC00423CFB /* Resources */ = {
			isa = PBXResourcesBuildPhase;
			buildActionMask = 2147483647;
			files = (
			);
			runOnlyForDeploymentPostprocessing = 0;
		};
/* End PBXResourcesBuildPhase section */

/* Begin PBXSourcesBuildPhase section */
		3588EF301D2660AC00423CFB /* Sources */ = {
			isa = PBXSourcesBuildPhase;
			buildActionMask = 2147483647;
			files = (
				354400C31D79297800C69DE7 /* UIDevice+Common.swift in Sources */,
				35A9406E1D50B65C00F013A4 /* String+Format.swift in Sources */,
				35A940701D50B7CE00F013A4 /* NSObject+Block.swift in Sources */,
				354400C61D794DFE00C69DE7 /* CMNAlertController.swift in Sources */,
				35F20E671D7D46F5001AB7BB /* UIButton+EasyUI.swift in Sources */,
				35F20E6E1D7E9839001AB7BB /* CMNButtonBadge.swift in Sources */,
				3519C6CC1D5498AB00178834 /* String+Operate.swift in Sources */,
				3588EF541D26618400423CFB /* String+Validate.swift in Sources */,
				3519C6CA1D5490F400178834 /* UITextField+EasyUI.swift in Sources */,
				3519C6C11D52F5A200178834 /* NSObject+RunTime.swift in Sources */,
				352478251D80081800FF6BB7 /* UIColor+Common.swift in Sources */,
				357875911D43B1F500A0B675 /* CMNBaseModel.swift in Sources */,
				3519C6C31D532FF700178834 /* NSDate+Format.swift in Sources */,
				354400BF1D781CC200C69DE7 /* UIImage+Graphics.swift in Sources */,
				353B403B1D59A57900662B62 /* NSObject+KVO.swift in Sources */,
				35F20E631D7D0E2D001AB7BB /* Equatable+Common.swift in Sources */,
				3519C6C61D53460E00178834 /* UIView+Frame.swift in Sources */,
				35F20E6A1D7E7743001AB7BB /* UIViewController+NavigationBar.swift in Sources */,
			);
			runOnlyForDeploymentPostprocessing = 0;
		};
		3588EF3B1D2660AC00423CFB /* Sources */ = {
			isa = PBXSourcesBuildPhase;
			buildActionMask = 2147483647;
			files = (
				353B40391D58762C00662B62 /* UITestFieldEasyUITest.swift in Sources */,
				3588EF451D2660AC00423CFB /* CommonSDKTests.swift in Sources */,
			);
			runOnlyForDeploymentPostprocessing = 0;
		};
/* End PBXSourcesBuildPhase section */

/* Begin PBXTargetDependency section */
		3588EF421D2660AC00423CFB /* PBXTargetDependency */ = {
			isa = PBXTargetDependency;
			target = 3588EF341D2660AC00423CFB /* CommonSDK */;
			targetProxy = 3588EF411D2660AC00423CFB /* PBXContainerItemProxy */;
		};
/* End PBXTargetDependency section */

/* Begin XCBuildConfiguration section */
		3588EF471D2660AC00423CFB /* Debug */ = {
			isa = XCBuildConfiguration;
			buildSettings = {
				ALWAYS_SEARCH_USER_PATHS = NO;
				CLANG_CXX_LANGUAGE_STANDARD = "gnu++0x";
				CLANG_CXX_LIBRARY = "libc++";
				CLANG_ENABLE_MODULES = YES;
				CLANG_ENABLE_OBJC_ARC = YES;
				CLANG_WARN_BOOL_CONVERSION = YES;
				CLANG_WARN_CONSTANT_CONVERSION = YES;
				CLANG_WARN_DIRECT_OBJC_ISA_USAGE = YES_ERROR;
				CLANG_WARN_EMPTY_BODY = YES;
				CLANG_WARN_ENUM_CONVERSION = YES;
				CLANG_WARN_INT_CONVERSION = YES;
				CLANG_WARN_OBJC_ROOT_CLASS = YES_ERROR;
				CLANG_WARN_UNREACHABLE_CODE = YES;
				CLANG_WARN__DUPLICATE_METHOD_MATCH = YES;
				"CODE_SIGN_IDENTITY[sdk=iphoneos*]" = "iPhone Developer";
				COPY_PHASE_STRIP = NO;
				CURRENT_PROJECT_VERSION = 1;
				DEBUG_INFORMATION_FORMAT = dwarf;
				ENABLE_STRICT_OBJC_MSGSEND = YES;
				ENABLE_TESTABILITY = YES;
				GCC_C_LANGUAGE_STANDARD = gnu99;
				GCC_DYNAMIC_NO_PIC = NO;
				GCC_NO_COMMON_BLOCKS = YES;
				GCC_OPTIMIZATION_LEVEL = 0;
				GCC_PREPROCESSOR_DEFINITIONS = (
					"DEBUG=1",
					"$(inherited)",
				);
				GCC_WARN_64_TO_32_BIT_CONVERSION = YES;
				GCC_WARN_ABOUT_RETURN_TYPE = YES_ERROR;
				GCC_WARN_UNDECLARED_SELECTOR = YES;
				GCC_WARN_UNINITIALIZED_AUTOS = YES_AGGRESSIVE;
				GCC_WARN_UNUSED_FUNCTION = YES;
				GCC_WARN_UNUSED_VARIABLE = YES;
				IPHONEOS_DEPLOYMENT_TARGET = 9.2;
				MTL_ENABLE_DEBUG_INFO = YES;
				ONLY_ACTIVE_ARCH = YES;
				SDKROOT = iphoneos;
				SWIFT_OPTIMIZATION_LEVEL = "-Onone";
				TARGETED_DEVICE_FAMILY = "1,2";
				VERSIONING_SYSTEM = "apple-generic";
				VERSION_INFO_PREFIX = "";
			};
			name = Debug;
		};
		3588EF481D2660AC00423CFB /* Release */ = {
			isa = XCBuildConfiguration;
			buildSettings = {
				ALWAYS_SEARCH_USER_PATHS = NO;
				CLANG_CXX_LANGUAGE_STANDARD = "gnu++0x";
				CLANG_CXX_LIBRARY = "libc++";
				CLANG_ENABLE_MODULES = YES;
				CLANG_ENABLE_OBJC_ARC = YES;
				CLANG_WARN_BOOL_CONVERSION = YES;
				CLANG_WARN_CONSTANT_CONVERSION = YES;
				CLANG_WARN_DIRECT_OBJC_ISA_USAGE = YES_ERROR;
				CLANG_WARN_EMPTY_BODY = YES;
				CLANG_WARN_ENUM_CONVERSION = YES;
				CLANG_WARN_INT_CONVERSION = YES;
				CLANG_WARN_OBJC_ROOT_CLASS = YES_ERROR;
				CLANG_WARN_UNREACHABLE_CODE = YES;
				CLANG_WARN__DUPLICATE_METHOD_MATCH = YES;
				"CODE_SIGN_IDENTITY[sdk=iphoneos*]" = "iPhone Developer";
				COPY_PHASE_STRIP = NO;
				CURRENT_PROJECT_VERSION = 1;
				DEBUG_INFORMATION_FORMAT = "dwarf-with-dsym";
				ENABLE_NS_ASSERTIONS = NO;
				ENABLE_STRICT_OBJC_MSGSEND = YES;
				GCC_C_LANGUAGE_STANDARD = gnu99;
				GCC_NO_COMMON_BLOCKS = YES;
				GCC_WARN_64_TO_32_BIT_CONVERSION = YES;
				GCC_WARN_ABOUT_RETURN_TYPE = YES_ERROR;
				GCC_WARN_UNDECLARED_SELECTOR = YES;
				GCC_WARN_UNINITIALIZED_AUTOS = YES_AGGRESSIVE;
				GCC_WARN_UNUSED_FUNCTION = YES;
				GCC_WARN_UNUSED_VARIABLE = YES;
				IPHONEOS_DEPLOYMENT_TARGET = 9.2;
				MTL_ENABLE_DEBUG_INFO = NO;
				SDKROOT = iphoneos;
				TARGETED_DEVICE_FAMILY = "1,2";
				VALIDATE_PRODUCT = YES;
				VERSIONING_SYSTEM = "apple-generic";
				VERSION_INFO_PREFIX = "";
			};
			name = Release;
		};
		3588EF4A1D2660AC00423CFB /* Debug */ = {
			isa = XCBuildConfiguration;
			buildSettings = {
				CLANG_ENABLE_MODULES = YES;
				DEFINES_MODULE = YES;
				DYLIB_COMPATIBILITY_VERSION = 1;
				DYLIB_CURRENT_VERSION = 1;
				DYLIB_INSTALL_NAME_BASE = "@rpath";
				INFOPLIST_FILE = CommonSDK/Info.plist;
				INSTALL_PATH = "$(LOCAL_LIBRARY_DIR)/Frameworks";
				LD_RUNPATH_SEARCH_PATHS = "$(inherited) @executable_path/Frameworks @loader_path/Frameworks";
				PRODUCT_BUNDLE_IDENTIFIER = com.sfht..CommonSDK;
				PRODUCT_NAME = "$(TARGET_NAME)";
				SKIP_INSTALL = YES;
				SWIFT_OPTIMIZATION_LEVEL = "-Onone";
				SWIFT_VERSION = 3.0;
			};
			name = Debug;
		};
		3588EF4B1D2660AC00423CFB /* Release */ = {
			isa = XCBuildConfiguration;
			buildSettings = {
				CLANG_ENABLE_MODULES = YES;
				DEFINES_MODULE = YES;
				DYLIB_COMPATIBILITY_VERSION = 1;
				DYLIB_CURRENT_VERSION = 1;
				DYLIB_INSTALL_NAME_BASE = "@rpath";
				INFOPLIST_FILE = CommonSDK/Info.plist;
				INSTALL_PATH = "$(LOCAL_LIBRARY_DIR)/Frameworks";
				LD_RUNPATH_SEARCH_PATHS = "$(inherited) @executable_path/Frameworks @loader_path/Frameworks";
				PRODUCT_BUNDLE_IDENTIFIER = com.sfht..CommonSDK;
				PRODUCT_NAME = "$(TARGET_NAME)";
				SKIP_INSTALL = YES;
				SWIFT_VERSION = 3.0;
			};
			name = Release;
		};
		3588EF4D1D2660AC00423CFB /* Debug */ = {
			isa = XCBuildConfiguration;
			buildSettings = {
				INFOPLIST_FILE = CommonSDKTests/Info.plist;
				LD_RUNPATH_SEARCH_PATHS = "$(inherited) @executable_path/Frameworks @loader_path/Frameworks";
				PRODUCT_BUNDLE_IDENTIFIER = com.sfht..CommonSDKTests;
				PRODUCT_NAME = "$(TARGET_NAME)";
				SWIFT_VERSION = 3.0;
			};
			name = Debug;
		};
		3588EF4E1D2660AC00423CFB /* Release */ = {
			isa = XCBuildConfiguration;
			buildSettings = {
				INFOPLIST_FILE = CommonSDKTests/Info.plist;
				LD_RUNPATH_SEARCH_PATHS = "$(inherited) @executable_path/Frameworks @loader_path/Frameworks";
				PRODUCT_BUNDLE_IDENTIFIER = com.sfht..CommonSDKTests;
				PRODUCT_NAME = "$(TARGET_NAME)";
				SWIFT_VERSION = 3.0;
			};
			name = Release;
		};
/* End XCBuildConfiguration section */

/* Begin XCConfigurationList section */
		3588EF2F1D2660AC00423CFB /* Build configuration list for PBXProject "CommonSDK" */ = {
			isa = XCConfigurationList;
			buildConfigurations = (
				3588EF471D2660AC00423CFB /* Debug */,
				3588EF481D2660AC00423CFB /* Release */,
			);
			defaultConfigurationIsVisible = 0;
			defaultConfigurationName = Release;
		};
		3588EF491D2660AC00423CFB /* Build configuration list for PBXNativeTarget "CommonSDK" */ = {
			isa = XCConfigurationList;
			buildConfigurations = (
				3588EF4A1D2660AC00423CFB /* Debug */,
				3588EF4B1D2660AC00423CFB /* Release */,
			);
			defaultConfigurationIsVisible = 0;
			defaultConfigurationName = Release;
		};
		3588EF4C1D2660AC00423CFB /* Build configuration list for PBXNativeTarget "CommonSDKTests" */ = {
			isa = XCConfigurationList;
			buildConfigurations = (
				3588EF4D1D2660AC00423CFB /* Debug */,
				3588EF4E1D2660AC00423CFB /* Release */,
			);
			defaultConfigurationIsVisible = 0;
			defaultConfigurationName = Release;
		};
/* End XCConfigurationList section */
	};
	rootObject = 3588EF2C1D2660AC00423CFB /* Project object */;
}
